
Microsoft Visual Studio Solution File, Format Version 12.00
# Visual Studio Version 17
VisualStudioVersion = 17.10.34916.146
MinimumVisualStudioVersion = 10.0.40219.1
Project("{FAE04EC0-301F-11D3-BF4B-00C04F79EFBC}") = "RU Browser", "RU Browser.csproj", "{1FBC110E-6837-494F-85B3-A9E32DA583E2}"
EndProject
Global
	GlobalSection(SolutionConfigurationPlatforms) = preSolution
		Debug|Any CPU = Debug|Any CPU
		Debug|x64 = Debug|x64
		Debug|x86 = Debug|x86
		Release|Any CPU = Release|Any CPU
		Release|x64 = Release|x64
		Release|x86 = Release|x86
	EndGlobalSection
	GlobalSection(ProjectConfigurationPlatforms) = postSolution
		{1FBC110E-6837-494F-85B3-A9E32DA583E2}.Debug|Any CPU.ActiveCfg = Debug|Any CPU
		{1FBC110E-6837-494F-85B3-A9E32DA583E2}.Debug|Any CPU.Build.0 = Debug|Any CPU
		{1FBC110E-6837-494F-85B3-A9E32DA583E2}.Debug|x64.ActiveCfg = Debug|x64
		{1FBC110E-6837-494F-85B3-A9E32DA583E2}.Debug|x64.Build.0 = Debug|x64
		{1FBC110E-6837-494F-85B3-A9E32DA583E2}.Debug|x86.ActiveCfg = Debug|x86
		{1FBC110E-6837-494F-85B3-A9E32DA583E2}.Debug|x86.Build.0 = Debug|x86
		{1FBC110E-6837-494F-85B3-A9E32DA583E2}.Release|Any CPU.ActiveCfg = Release|Any CPU
		{1FBC110E-6837-494F-85B3-A9E32DA583E2}.Release|Any CPU.Build.0 = Release|Any CPU
		{1FBC110E-6837-494F-85B3-A9E32DA583E2}.Release|x64.ActiveCfg = Release|x64
		{1FBC110E-6837-494F-85B3-A9E32DA583E2}.Release|x64.Build.0 = Release|x64
		{1FBC110E-6837-494F-85B3-A9E32DA583E2}.Release|x86.ActiveCfg = Release|x86
		{1FBC110E-6837-494F-85B3-A9E32DA583E2}.Release|x86.Build.0 = Release|x86
	EndGlobalSection
	GlobalSection(SolutionProperties) = preSolution
		HideSolutionNode = FALSE
	EndGlobalSection
	GlobalSection(ExtensibilityGlobals) = postSolution
		SolutionGuid = {11D34454-405D-44C0-89FF-B59633E4314F}
	EndGlobalSection
EndGlobal
